
Microsoft Visual Studio Solution File, Format Version 12.00
# Visual Studio Version 16
VisualStudioVersion = 16.0.30413.136
MinimumVisualStudioVersion = 10.0.40219.1
Project("{FAE04EC0-301F-11D3-BF4B-00C04F79EFBC}") = "TAD_run_portfolio_update", "TAD_run_portfolio_update.csproj", "{F2CC5474-474C-403F-9E82-0A8D74A30AD0}"
EndProject
Global
	GlobalSection(SolutionConfigurationPlatforms) = preSolution
		Debug|Any CPU = Debug|Any CPU
		Release|Any CPU = Release|Any CPU
	EndGlobalSection
	GlobalSection(ProjectConfigurationPlatforms) = postSolution
		{F2CC5474-474C-403F-9E82-0A8D74A30AD0}.Debug|Any CPU.ActiveCfg = Debug|Any CPU
		{F2CC5474-474C-403F-9E82-0A8D74A30AD0}.Debug|Any CPU.Build.0 = Debug|Any CPU
		{F2CC5474-474C-403F-9E82-0A8D74A30AD0}.Release|Any CPU.ActiveCfg = Release|Any CPU
		{F2CC5474-474C-403F-9E82-0A8D74A30AD0}.Release|Any CPU.Build.0 = Release|Any CPU
	EndGlobalSection
	GlobalSection(SolutionProperties) = preSolution
		HideSolutionNode = FALSE
	EndGlobalSection
	GlobalSection(ExtensibilityGlobals) = postSolution
		SolutionGuid = {0A5F1221-1E0E-4D93-93E8-F7ED52000600}
	EndGlobalSection
EndGlobal
